
Microsoft Visual Studio Solution File, Format Version 12.00
# Visual Studio Version 17
VisualStudioVersion = 17.0.32112.339
MinimumVisualStudioVersion = 10.0.40219.1
Project("{2150E333-8FDC-42A3-9474-1A3956D46DE8}") = "Host", "Host", "{9A7E4EEF-9166-4076-B9B6-6F54C11B87BD}"
EndProject
Project("{2150E333-8FDC-42A3-9474-1A3956D46DE8}") = "Infrastructure", "Infrastructure", "{95EBD75D-48F0-4236-AB57-0E4DFAA722ED}"
EndProject
Project("{2150E333-8FDC-42A3-9474-1A3956D46DE8}") = "InMemory", "InMemory", "{70CDA4DF-6612-4CF7-87EA-03701778A84E}"
EndProject
Project("{2150E333-8FDC-42A3-9474-1A3956D46DE8}") = "Shared", "Shared", "{4EE8BFA3-416F-4D40-8AD9-DE0B7C193A02}"
EndProject
Project("{2150E333-8FDC-42A3-9474-1A3956D46DE8}") = "Report", "Report", "{5F4A8E0A-8A43-477E-8703-BBDE1BDF8419}"
EndProject
Project("{9A19103F-16F7-4668-BE54-9A1E7A4F7556}") = "XmlDatasource", "Infrastructure\ProjectItemsReader\XmlDatasource\XmlDatasource.csproj", "{BD6286A0-9E8E-4D93-9ED9-2580BAE0C767}"
EndProject
Project("{2150E333-8FDC-42A3-9474-1A3956D46DE8}") = "Publish", "Publish", "{2A251369-A991-4D85-8C94-127C51DAFE1F}"
	ProjectSection(SolutionItems) = preProject
		Publish\publish-win-all.bat = Publish\publish-win-all.bat
		Publish\publish-win.bat = Publish\publish-win.bat
	EndProjectSection
EndProject
Project("{2150E333-8FDC-42A3-9474-1A3956D46DE8}") = "Build", "Build", "{6487D63E-23A2-4DF4-9EB5-610AD80B3C9F}"
EndProject
Project("{2150E333-8FDC-42A3-9474-1A3956D46DE8}") = "Test", "Test", "{E27892F2-386A-4E6A-8303-78BB92570F1C}"
EndProject
<<<<<<< HEAD
Project("{9A19103F-16F7-4668-BE54-9A1E7A4F7556}") = "ProjectAvalonia", "Host\Avalonia\ProjectAvalonia\ProjectAvalonia.csproj", "{A28C20D8-45AE-4B54-89FD-3DBF9FEA794D}"
EndProject
=======
>>>>>>> d1a922c2b15b1ed4309eb6c79bac6e8d9315b26f
Project("{9A19103F-16F7-4668-BE54-9A1E7A4F7556}") = "QuestPDFReport", "Infrastructure\Reports\QuestPDFReport\QuestPDFReport.csproj", "{FD92FD23-C4C0-408D-8BA1-12E8CFE3192B}"
EndProject
Project("{9A19103F-16F7-4668-BE54-9A1E7A4F7556}") = "QuestPDF.Previewer", "Host\QuestPDF.Previewer\QuestPDF.Previewer.csproj", "{C33EFC14-56CC-42AD-9F54-293225885242}"
EndProject
Project("{9A19103F-16F7-4668-BE54-9A1E7A4F7556}") = "ProjectAvalonia.Desktop", "Host\ProjectAvalonia.Desktop\ProjectAvalonia.Desktop.csproj", "{1C1C17A0-4B88-4AF0-8C11-48B5028EF871}"
EndProject
Project("{9A19103F-16F7-4668-BE54-9A1E7A4F7556}") = "ProjectAvalonia.Generators", "Host\ProjectAvalonia.Generators\ProjectAvalonia.Generators.csproj", "{5214AC40-8489-44E9-AFBF-C1097CD73FCC}"
EndProject
Project("{2150E333-8FDC-42A3-9474-1A3956D46DE8}") = "Presentation", "Presentation", "{594CC6EF-C9A3-4C67-8F00-A35DDE903368}"
EndProject
Project("{9A19103F-16F7-4668-BE54-9A1E7A4F7556}") = "ProjectAvalonia.Presentation", "Presentation\ProjectAvalonia.Presentation\ProjectAvalonia.Presentation.csproj", "{F0EBBEC6-A5FE-4532-884E-CE3F19549998}"
EndProject
Project("{9A19103F-16F7-4668-BE54-9A1E7A4F7556}") = "InfrastrutureTests", "Infrastructure\Tests\InfrastrutureTests\InfrastrutureTests.csproj", "{489DE6C9-B58F-4A45-ABC5-E0E0A92EDFFD}"
EndProject
Project("{9A19103F-16F7-4668-BE54-9A1E7A4F7556}") = "Common", "Shared\Common\Common.csproj", "{B036A90D-A8A2-4248-AE43-E3E9B24436EE}"
EndProject
Project("{930C7802-8A8C-48F9-8165-68863BCCD9DD}") = "AppInstaller", "Build\AppInstaller\AppInstaller.wixproj", "{E05E897E-5B10-44C7-BC79-21E839050097}"
EndProject
Project("{2150E333-8FDC-42A3-9474-1A3956D46DE8}") = "Remote", "Remote", "{B0CCFC89-5758-4C01-8CF0-43B9BEADE9B1}"
EndProject
Project("{9A19103F-16F7-4668-BE54-9A1E7A4F7556}") = "GoogleDriveDatasource", "Infrastructure\Remote\GoogleDriveDatasource\GoogleDriveDatasource.csproj", "{0FC2BEF1-2028-4B31-B167-051FA2A18A6F}"
EndProject
Project("{2150E333-8FDC-42A3-9474-1A3956D46DE8}") = "Databases", "Databases", "{A4879C15-86AF-4E2F-A492-9A6953F0A6E0}"
EndProject
Project("{9A19103F-16F7-4668-BE54-9A1E7A4F7556}") = "SqliteDatasource", "Infrastructure\Databases\SqliteDatasource\SqliteDatasource.csproj", "{0A0D6300-34C8-443A-A335-D8C859650D88}"
EndProject
Project("{FAE04EC0-301F-11D3-BF4B-00C04F79EFBC}") = "QuestPDF", "Host\QuestPDF\QuestPDF.csproj", "{1F21475A-ABB2-46CB-8020-FCE8BAB49629}"
EndProject
Project("{FAE04EC0-301F-11D3-BF4B-00C04F79EFBC}") = "ProjectAvalonia", "Host\ProjectAvalonia\ProjectAvalonia.csproj", "{F3212CCB-C599-40C0-86D8-5E6C82DCFB31}"
EndProject
Global
	GlobalSection(SolutionConfigurationPlatforms) = preSolution
		Debug|Any CPU = Debug|Any CPU
		Debug|arm64 = Debug|arm64
		Debug|x64 = Debug|x64
		Debug|x86 = Debug|x86
		Release|Any CPU = Release|Any CPU
		Release|arm64 = Release|arm64
		Release|x64 = Release|x64
		Release|x86 = Release|x86
	EndGlobalSection
	GlobalSection(ProjectConfigurationPlatforms) = postSolution
		{BD6286A0-9E8E-4D93-9ED9-2580BAE0C767}.Debug|Any CPU.ActiveCfg = Debug|Any CPU
		{BD6286A0-9E8E-4D93-9ED9-2580BAE0C767}.Debug|Any CPU.Build.0 = Debug|Any CPU
		{BD6286A0-9E8E-4D93-9ED9-2580BAE0C767}.Debug|arm64.ActiveCfg = Debug|Any CPU
		{BD6286A0-9E8E-4D93-9ED9-2580BAE0C767}.Debug|arm64.Build.0 = Debug|Any CPU
		{BD6286A0-9E8E-4D93-9ED9-2580BAE0C767}.Debug|x64.ActiveCfg = Debug|Any CPU
		{BD6286A0-9E8E-4D93-9ED9-2580BAE0C767}.Debug|x64.Build.0 = Debug|Any CPU
		{BD6286A0-9E8E-4D93-9ED9-2580BAE0C767}.Debug|x86.ActiveCfg = Debug|Any CPU
		{BD6286A0-9E8E-4D93-9ED9-2580BAE0C767}.Debug|x86.Build.0 = Debug|Any CPU
		{BD6286A0-9E8E-4D93-9ED9-2580BAE0C767}.Release|Any CPU.ActiveCfg = Release|Any CPU
		{BD6286A0-9E8E-4D93-9ED9-2580BAE0C767}.Release|Any CPU.Build.0 = Release|Any CPU
		{BD6286A0-9E8E-4D93-9ED9-2580BAE0C767}.Release|arm64.ActiveCfg = Release|Any CPU
		{BD6286A0-9E8E-4D93-9ED9-2580BAE0C767}.Release|arm64.Build.0 = Release|Any CPU
		{BD6286A0-9E8E-4D93-9ED9-2580BAE0C767}.Release|x64.ActiveCfg = Release|Any CPU
		{BD6286A0-9E8E-4D93-9ED9-2580BAE0C767}.Release|x64.Build.0 = Release|Any CPU
		{BD6286A0-9E8E-4D93-9ED9-2580BAE0C767}.Release|x86.ActiveCfg = Release|Any CPU
		{BD6286A0-9E8E-4D93-9ED9-2580BAE0C767}.Release|x86.Build.0 = Release|Any CPU
<<<<<<< HEAD
		{A28C20D8-45AE-4B54-89FD-3DBF9FEA794D}.Debug|Any CPU.ActiveCfg = Debug|Any CPU
		{A28C20D8-45AE-4B54-89FD-3DBF9FEA794D}.Debug|Any CPU.Build.0 = Debug|Any CPU
		{A28C20D8-45AE-4B54-89FD-3DBF9FEA794D}.Debug|arm64.ActiveCfg = Debug|Any CPU
		{A28C20D8-45AE-4B54-89FD-3DBF9FEA794D}.Debug|arm64.Build.0 = Debug|Any CPU
		{A28C20D8-45AE-4B54-89FD-3DBF9FEA794D}.Debug|x64.ActiveCfg = Debug|Any CPU
		{A28C20D8-45AE-4B54-89FD-3DBF9FEA794D}.Debug|x64.Build.0 = Debug|Any CPU
		{A28C20D8-45AE-4B54-89FD-3DBF9FEA794D}.Debug|x86.ActiveCfg = Debug|Any CPU
		{A28C20D8-45AE-4B54-89FD-3DBF9FEA794D}.Debug|x86.Build.0 = Debug|Any CPU
		{A28C20D8-45AE-4B54-89FD-3DBF9FEA794D}.Release|Any CPU.ActiveCfg = Release|Any CPU
		{A28C20D8-45AE-4B54-89FD-3DBF9FEA794D}.Release|Any CPU.Build.0 = Release|Any CPU
		{A28C20D8-45AE-4B54-89FD-3DBF9FEA794D}.Release|arm64.ActiveCfg = Release|Any CPU
		{A28C20D8-45AE-4B54-89FD-3DBF9FEA794D}.Release|arm64.Build.0 = Release|Any CPU
		{A28C20D8-45AE-4B54-89FD-3DBF9FEA794D}.Release|x64.ActiveCfg = Release|Any CPU
		{A28C20D8-45AE-4B54-89FD-3DBF9FEA794D}.Release|x64.Build.0 = Release|Any CPU
		{A28C20D8-45AE-4B54-89FD-3DBF9FEA794D}.Release|x86.ActiveCfg = Release|Any CPU
		{A28C20D8-45AE-4B54-89FD-3DBF9FEA794D}.Release|x86.Build.0 = Release|Any CPU
=======
>>>>>>> d1a922c2b15b1ed4309eb6c79bac6e8d9315b26f
		{FD92FD23-C4C0-408D-8BA1-12E8CFE3192B}.Debug|Any CPU.ActiveCfg = Debug|Any CPU
		{FD92FD23-C4C0-408D-8BA1-12E8CFE3192B}.Debug|Any CPU.Build.0 = Debug|Any CPU
		{FD92FD23-C4C0-408D-8BA1-12E8CFE3192B}.Debug|arm64.ActiveCfg = Debug|Any CPU
		{FD92FD23-C4C0-408D-8BA1-12E8CFE3192B}.Debug|arm64.Build.0 = Debug|Any CPU
		{FD92FD23-C4C0-408D-8BA1-12E8CFE3192B}.Debug|x64.ActiveCfg = Debug|Any CPU
		{FD92FD23-C4C0-408D-8BA1-12E8CFE3192B}.Debug|x64.Build.0 = Debug|Any CPU
		{FD92FD23-C4C0-408D-8BA1-12E8CFE3192B}.Debug|x86.ActiveCfg = Debug|Any CPU
		{FD92FD23-C4C0-408D-8BA1-12E8CFE3192B}.Debug|x86.Build.0 = Debug|Any CPU
		{FD92FD23-C4C0-408D-8BA1-12E8CFE3192B}.Release|Any CPU.ActiveCfg = Release|Any CPU
		{FD92FD23-C4C0-408D-8BA1-12E8CFE3192B}.Release|Any CPU.Build.0 = Release|Any CPU
		{FD92FD23-C4C0-408D-8BA1-12E8CFE3192B}.Release|arm64.ActiveCfg = Release|Any CPU
		{FD92FD23-C4C0-408D-8BA1-12E8CFE3192B}.Release|arm64.Build.0 = Release|Any CPU
		{FD92FD23-C4C0-408D-8BA1-12E8CFE3192B}.Release|x64.ActiveCfg = Release|Any CPU
		{FD92FD23-C4C0-408D-8BA1-12E8CFE3192B}.Release|x64.Build.0 = Release|Any CPU
		{FD92FD23-C4C0-408D-8BA1-12E8CFE3192B}.Release|x86.ActiveCfg = Release|Any CPU
		{FD92FD23-C4C0-408D-8BA1-12E8CFE3192B}.Release|x86.Build.0 = Release|Any CPU
		{C33EFC14-56CC-42AD-9F54-293225885242}.Debug|Any CPU.ActiveCfg = Debug|Any CPU
		{C33EFC14-56CC-42AD-9F54-293225885242}.Debug|Any CPU.Build.0 = Debug|Any CPU
		{C33EFC14-56CC-42AD-9F54-293225885242}.Debug|arm64.ActiveCfg = Debug|Any CPU
		{C33EFC14-56CC-42AD-9F54-293225885242}.Debug|arm64.Build.0 = Debug|Any CPU
		{C33EFC14-56CC-42AD-9F54-293225885242}.Debug|x64.ActiveCfg = Debug|Any CPU
		{C33EFC14-56CC-42AD-9F54-293225885242}.Debug|x64.Build.0 = Debug|Any CPU
		{C33EFC14-56CC-42AD-9F54-293225885242}.Debug|x86.ActiveCfg = Debug|Any CPU
		{C33EFC14-56CC-42AD-9F54-293225885242}.Debug|x86.Build.0 = Debug|Any CPU
		{C33EFC14-56CC-42AD-9F54-293225885242}.Release|Any CPU.ActiveCfg = Release|Any CPU
		{C33EFC14-56CC-42AD-9F54-293225885242}.Release|Any CPU.Build.0 = Release|Any CPU
		{C33EFC14-56CC-42AD-9F54-293225885242}.Release|arm64.ActiveCfg = Release|Any CPU
		{C33EFC14-56CC-42AD-9F54-293225885242}.Release|arm64.Build.0 = Release|Any CPU
		{C33EFC14-56CC-42AD-9F54-293225885242}.Release|x64.ActiveCfg = Release|Any CPU
		{C33EFC14-56CC-42AD-9F54-293225885242}.Release|x64.Build.0 = Release|Any CPU
		{C33EFC14-56CC-42AD-9F54-293225885242}.Release|x86.ActiveCfg = Release|Any CPU
		{C33EFC14-56CC-42AD-9F54-293225885242}.Release|x86.Build.0 = Release|Any CPU
		{1C1C17A0-4B88-4AF0-8C11-48B5028EF871}.Debug|Any CPU.ActiveCfg = Debug|Any CPU
		{1C1C17A0-4B88-4AF0-8C11-48B5028EF871}.Debug|Any CPU.Build.0 = Debug|Any CPU
		{1C1C17A0-4B88-4AF0-8C11-48B5028EF871}.Debug|arm64.ActiveCfg = Debug|Any CPU
		{1C1C17A0-4B88-4AF0-8C11-48B5028EF871}.Debug|arm64.Build.0 = Debug|Any CPU
		{1C1C17A0-4B88-4AF0-8C11-48B5028EF871}.Debug|x64.ActiveCfg = Debug|Any CPU
		{1C1C17A0-4B88-4AF0-8C11-48B5028EF871}.Debug|x64.Build.0 = Debug|Any CPU
		{1C1C17A0-4B88-4AF0-8C11-48B5028EF871}.Debug|x86.ActiveCfg = Debug|Any CPU
		{1C1C17A0-4B88-4AF0-8C11-48B5028EF871}.Debug|x86.Build.0 = Debug|Any CPU
		{1C1C17A0-4B88-4AF0-8C11-48B5028EF871}.Release|Any CPU.ActiveCfg = Release|Any CPU
		{1C1C17A0-4B88-4AF0-8C11-48B5028EF871}.Release|Any CPU.Build.0 = Release|Any CPU
		{1C1C17A0-4B88-4AF0-8C11-48B5028EF871}.Release|arm64.ActiveCfg = Release|Any CPU
		{1C1C17A0-4B88-4AF0-8C11-48B5028EF871}.Release|arm64.Build.0 = Release|Any CPU
		{1C1C17A0-4B88-4AF0-8C11-48B5028EF871}.Release|x64.ActiveCfg = Release|Any CPU
		{1C1C17A0-4B88-4AF0-8C11-48B5028EF871}.Release|x64.Build.0 = Release|Any CPU
		{1C1C17A0-4B88-4AF0-8C11-48B5028EF871}.Release|x86.ActiveCfg = Release|Any CPU
		{1C1C17A0-4B88-4AF0-8C11-48B5028EF871}.Release|x86.Build.0 = Release|Any CPU
		{5214AC40-8489-44E9-AFBF-C1097CD73FCC}.Debug|Any CPU.ActiveCfg = Debug|Any CPU
		{5214AC40-8489-44E9-AFBF-C1097CD73FCC}.Debug|Any CPU.Build.0 = Debug|Any CPU
		{5214AC40-8489-44E9-AFBF-C1097CD73FCC}.Debug|arm64.ActiveCfg = Debug|Any CPU
		{5214AC40-8489-44E9-AFBF-C1097CD73FCC}.Debug|arm64.Build.0 = Debug|Any CPU
		{5214AC40-8489-44E9-AFBF-C1097CD73FCC}.Debug|x64.ActiveCfg = Debug|Any CPU
		{5214AC40-8489-44E9-AFBF-C1097CD73FCC}.Debug|x64.Build.0 = Debug|Any CPU
		{5214AC40-8489-44E9-AFBF-C1097CD73FCC}.Debug|x86.ActiveCfg = Debug|Any CPU
		{5214AC40-8489-44E9-AFBF-C1097CD73FCC}.Debug|x86.Build.0 = Debug|Any CPU
		{5214AC40-8489-44E9-AFBF-C1097CD73FCC}.Release|Any CPU.ActiveCfg = Release|Any CPU
		{5214AC40-8489-44E9-AFBF-C1097CD73FCC}.Release|Any CPU.Build.0 = Release|Any CPU
		{5214AC40-8489-44E9-AFBF-C1097CD73FCC}.Release|arm64.ActiveCfg = Release|Any CPU
		{5214AC40-8489-44E9-AFBF-C1097CD73FCC}.Release|arm64.Build.0 = Release|Any CPU
		{5214AC40-8489-44E9-AFBF-C1097CD73FCC}.Release|x64.ActiveCfg = Release|Any CPU
		{5214AC40-8489-44E9-AFBF-C1097CD73FCC}.Release|x64.Build.0 = Release|Any CPU
		{5214AC40-8489-44E9-AFBF-C1097CD73FCC}.Release|x86.ActiveCfg = Release|Any CPU
		{5214AC40-8489-44E9-AFBF-C1097CD73FCC}.Release|x86.Build.0 = Release|Any CPU
		{F0EBBEC6-A5FE-4532-884E-CE3F19549998}.Debug|Any CPU.ActiveCfg = Debug|Any CPU
		{F0EBBEC6-A5FE-4532-884E-CE3F19549998}.Debug|Any CPU.Build.0 = Debug|Any CPU
		{F0EBBEC6-A5FE-4532-884E-CE3F19549998}.Debug|arm64.ActiveCfg = Debug|Any CPU
		{F0EBBEC6-A5FE-4532-884E-CE3F19549998}.Debug|arm64.Build.0 = Debug|Any CPU
		{F0EBBEC6-A5FE-4532-884E-CE3F19549998}.Debug|x64.ActiveCfg = Debug|Any CPU
		{F0EBBEC6-A5FE-4532-884E-CE3F19549998}.Debug|x64.Build.0 = Debug|Any CPU
		{F0EBBEC6-A5FE-4532-884E-CE3F19549998}.Debug|x86.ActiveCfg = Debug|Any CPU
		{F0EBBEC6-A5FE-4532-884E-CE3F19549998}.Debug|x86.Build.0 = Debug|Any CPU
		{F0EBBEC6-A5FE-4532-884E-CE3F19549998}.Release|Any CPU.ActiveCfg = Release|Any CPU
		{F0EBBEC6-A5FE-4532-884E-CE3F19549998}.Release|Any CPU.Build.0 = Release|Any CPU
		{F0EBBEC6-A5FE-4532-884E-CE3F19549998}.Release|arm64.ActiveCfg = Release|Any CPU
		{F0EBBEC6-A5FE-4532-884E-CE3F19549998}.Release|arm64.Build.0 = Release|Any CPU
		{F0EBBEC6-A5FE-4532-884E-CE3F19549998}.Release|x64.ActiveCfg = Release|Any CPU
		{F0EBBEC6-A5FE-4532-884E-CE3F19549998}.Release|x64.Build.0 = Release|Any CPU
		{F0EBBEC6-A5FE-4532-884E-CE3F19549998}.Release|x86.ActiveCfg = Release|Any CPU
		{F0EBBEC6-A5FE-4532-884E-CE3F19549998}.Release|x86.Build.0 = Release|Any CPU
		{489DE6C9-B58F-4A45-ABC5-E0E0A92EDFFD}.Debug|Any CPU.ActiveCfg = Debug|Any CPU
		{489DE6C9-B58F-4A45-ABC5-E0E0A92EDFFD}.Debug|Any CPU.Build.0 = Debug|Any CPU
		{489DE6C9-B58F-4A45-ABC5-E0E0A92EDFFD}.Debug|arm64.ActiveCfg = Debug|Any CPU
		{489DE6C9-B58F-4A45-ABC5-E0E0A92EDFFD}.Debug|arm64.Build.0 = Debug|Any CPU
		{489DE6C9-B58F-4A45-ABC5-E0E0A92EDFFD}.Debug|x64.ActiveCfg = Debug|Any CPU
		{489DE6C9-B58F-4A45-ABC5-E0E0A92EDFFD}.Debug|x64.Build.0 = Debug|Any CPU
		{489DE6C9-B58F-4A45-ABC5-E0E0A92EDFFD}.Debug|x86.ActiveCfg = Debug|Any CPU
		{489DE6C9-B58F-4A45-ABC5-E0E0A92EDFFD}.Debug|x86.Build.0 = Debug|Any CPU
		{489DE6C9-B58F-4A45-ABC5-E0E0A92EDFFD}.Release|Any CPU.ActiveCfg = Release|Any CPU
		{489DE6C9-B58F-4A45-ABC5-E0E0A92EDFFD}.Release|Any CPU.Build.0 = Release|Any CPU
		{489DE6C9-B58F-4A45-ABC5-E0E0A92EDFFD}.Release|arm64.ActiveCfg = Release|Any CPU
		{489DE6C9-B58F-4A45-ABC5-E0E0A92EDFFD}.Release|arm64.Build.0 = Release|Any CPU
		{489DE6C9-B58F-4A45-ABC5-E0E0A92EDFFD}.Release|x64.ActiveCfg = Release|Any CPU
		{489DE6C9-B58F-4A45-ABC5-E0E0A92EDFFD}.Release|x64.Build.0 = Release|Any CPU
		{489DE6C9-B58F-4A45-ABC5-E0E0A92EDFFD}.Release|x86.ActiveCfg = Release|Any CPU
		{489DE6C9-B58F-4A45-ABC5-E0E0A92EDFFD}.Release|x86.Build.0 = Release|Any CPU
		{B036A90D-A8A2-4248-AE43-E3E9B24436EE}.Debug|Any CPU.ActiveCfg = Debug|Any CPU
		{B036A90D-A8A2-4248-AE43-E3E9B24436EE}.Debug|Any CPU.Build.0 = Debug|Any CPU
		{B036A90D-A8A2-4248-AE43-E3E9B24436EE}.Debug|arm64.ActiveCfg = Debug|Any CPU
		{B036A90D-A8A2-4248-AE43-E3E9B24436EE}.Debug|arm64.Build.0 = Debug|Any CPU
		{B036A90D-A8A2-4248-AE43-E3E9B24436EE}.Debug|x64.ActiveCfg = Debug|x64
		{B036A90D-A8A2-4248-AE43-E3E9B24436EE}.Debug|x64.Build.0 = Debug|x64
		{B036A90D-A8A2-4248-AE43-E3E9B24436EE}.Debug|x86.ActiveCfg = Debug|Any CPU
		{B036A90D-A8A2-4248-AE43-E3E9B24436EE}.Debug|x86.Build.0 = Debug|Any CPU
		{B036A90D-A8A2-4248-AE43-E3E9B24436EE}.Release|Any CPU.ActiveCfg = Release|Any CPU
		{B036A90D-A8A2-4248-AE43-E3E9B24436EE}.Release|Any CPU.Build.0 = Release|Any CPU
		{B036A90D-A8A2-4248-AE43-E3E9B24436EE}.Release|arm64.ActiveCfg = Release|Any CPU
		{B036A90D-A8A2-4248-AE43-E3E9B24436EE}.Release|arm64.Build.0 = Release|Any CPU
		{B036A90D-A8A2-4248-AE43-E3E9B24436EE}.Release|x64.ActiveCfg = Release|x64
		{B036A90D-A8A2-4248-AE43-E3E9B24436EE}.Release|x64.Build.0 = Release|x64
		{B036A90D-A8A2-4248-AE43-E3E9B24436EE}.Release|x86.ActiveCfg = Release|Any CPU
		{B036A90D-A8A2-4248-AE43-E3E9B24436EE}.Release|x86.Build.0 = Release|Any CPU
		{E05E897E-5B10-44C7-BC79-21E839050097}.Debug|Any CPU.ActiveCfg = Debug|x64
		{E05E897E-5B10-44C7-BC79-21E839050097}.Debug|Any CPU.Build.0 = Debug|x64
		{E05E897E-5B10-44C7-BC79-21E839050097}.Debug|arm64.ActiveCfg = Debug|x86
		{E05E897E-5B10-44C7-BC79-21E839050097}.Debug|arm64.Build.0 = Debug|x86
		{E05E897E-5B10-44C7-BC79-21E839050097}.Debug|x64.ActiveCfg = Debug|x64
		{E05E897E-5B10-44C7-BC79-21E839050097}.Debug|x64.Build.0 = Debug|x64
		{E05E897E-5B10-44C7-BC79-21E839050097}.Debug|x86.ActiveCfg = Debug|x86
		{E05E897E-5B10-44C7-BC79-21E839050097}.Debug|x86.Build.0 = Debug|x86
		{E05E897E-5B10-44C7-BC79-21E839050097}.Release|Any CPU.ActiveCfg = Release|x86
		{E05E897E-5B10-44C7-BC79-21E839050097}.Release|Any CPU.Build.0 = Release|x86
		{E05E897E-5B10-44C7-BC79-21E839050097}.Release|arm64.ActiveCfg = Release|x86
		{E05E897E-5B10-44C7-BC79-21E839050097}.Release|arm64.Build.0 = Release|x86
		{E05E897E-5B10-44C7-BC79-21E839050097}.Release|x64.ActiveCfg = Release|x64
		{E05E897E-5B10-44C7-BC79-21E839050097}.Release|x64.Build.0 = Release|x64
		{E05E897E-5B10-44C7-BC79-21E839050097}.Release|x86.ActiveCfg = Release|x86
		{E05E897E-5B10-44C7-BC79-21E839050097}.Release|x86.Build.0 = Release|x86
		{0FC2BEF1-2028-4B31-B167-051FA2A18A6F}.Debug|Any CPU.ActiveCfg = Debug|Any CPU
		{0FC2BEF1-2028-4B31-B167-051FA2A18A6F}.Debug|Any CPU.Build.0 = Debug|Any CPU
		{0FC2BEF1-2028-4B31-B167-051FA2A18A6F}.Debug|arm64.ActiveCfg = Debug|Any CPU
		{0FC2BEF1-2028-4B31-B167-051FA2A18A6F}.Debug|arm64.Build.0 = Debug|Any CPU
		{0FC2BEF1-2028-4B31-B167-051FA2A18A6F}.Debug|x64.ActiveCfg = Debug|Any CPU
		{0FC2BEF1-2028-4B31-B167-051FA2A18A6F}.Debug|x64.Build.0 = Debug|Any CPU
		{0FC2BEF1-2028-4B31-B167-051FA2A18A6F}.Debug|x86.ActiveCfg = Debug|Any CPU
		{0FC2BEF1-2028-4B31-B167-051FA2A18A6F}.Debug|x86.Build.0 = Debug|Any CPU
		{0FC2BEF1-2028-4B31-B167-051FA2A18A6F}.Release|Any CPU.ActiveCfg = Release|Any CPU
		{0FC2BEF1-2028-4B31-B167-051FA2A18A6F}.Release|Any CPU.Build.0 = Release|Any CPU
		{0FC2BEF1-2028-4B31-B167-051FA2A18A6F}.Release|arm64.ActiveCfg = Release|Any CPU
		{0FC2BEF1-2028-4B31-B167-051FA2A18A6F}.Release|arm64.Build.0 = Release|Any CPU
		{0FC2BEF1-2028-4B31-B167-051FA2A18A6F}.Release|x64.ActiveCfg = Release|Any CPU
		{0FC2BEF1-2028-4B31-B167-051FA2A18A6F}.Release|x64.Build.0 = Release|Any CPU
		{0FC2BEF1-2028-4B31-B167-051FA2A18A6F}.Release|x86.ActiveCfg = Release|Any CPU
		{0FC2BEF1-2028-4B31-B167-051FA2A18A6F}.Release|x86.Build.0 = Release|Any CPU
		{0A0D6300-34C8-443A-A335-D8C859650D88}.Debug|Any CPU.ActiveCfg = Debug|Any CPU
		{0A0D6300-34C8-443A-A335-D8C859650D88}.Debug|Any CPU.Build.0 = Debug|Any CPU
		{0A0D6300-34C8-443A-A335-D8C859650D88}.Debug|arm64.ActiveCfg = Debug|Any CPU
		{0A0D6300-34C8-443A-A335-D8C859650D88}.Debug|arm64.Build.0 = Debug|Any CPU
		{0A0D6300-34C8-443A-A335-D8C859650D88}.Debug|x64.ActiveCfg = Debug|Any CPU
		{0A0D6300-34C8-443A-A335-D8C859650D88}.Debug|x64.Build.0 = Debug|Any CPU
		{0A0D6300-34C8-443A-A335-D8C859650D88}.Debug|x86.ActiveCfg = Debug|Any CPU
		{0A0D6300-34C8-443A-A335-D8C859650D88}.Debug|x86.Build.0 = Debug|Any CPU
		{0A0D6300-34C8-443A-A335-D8C859650D88}.Release|Any CPU.ActiveCfg = Release|Any CPU
		{0A0D6300-34C8-443A-A335-D8C859650D88}.Release|Any CPU.Build.0 = Release|Any CPU
		{0A0D6300-34C8-443A-A335-D8C859650D88}.Release|arm64.ActiveCfg = Release|Any CPU
		{0A0D6300-34C8-443A-A335-D8C859650D88}.Release|arm64.Build.0 = Release|Any CPU
		{0A0D6300-34C8-443A-A335-D8C859650D88}.Release|x64.ActiveCfg = Release|Any CPU
		{0A0D6300-34C8-443A-A335-D8C859650D88}.Release|x64.Build.0 = Release|Any CPU
		{0A0D6300-34C8-443A-A335-D8C859650D88}.Release|x86.ActiveCfg = Release|Any CPU
		{0A0D6300-34C8-443A-A335-D8C859650D88}.Release|x86.Build.0 = Release|Any CPU
		{1F21475A-ABB2-46CB-8020-FCE8BAB49629}.Debug|Any CPU.ActiveCfg = Debug|Any CPU
		{1F21475A-ABB2-46CB-8020-FCE8BAB49629}.Debug|Any CPU.Build.0 = Debug|Any CPU
		{1F21475A-ABB2-46CB-8020-FCE8BAB49629}.Debug|arm64.ActiveCfg = Debug|Any CPU
		{1F21475A-ABB2-46CB-8020-FCE8BAB49629}.Debug|arm64.Build.0 = Debug|Any CPU
		{1F21475A-ABB2-46CB-8020-FCE8BAB49629}.Debug|x64.ActiveCfg = Debug|Any CPU
		{1F21475A-ABB2-46CB-8020-FCE8BAB49629}.Debug|x64.Build.0 = Debug|Any CPU
		{1F21475A-ABB2-46CB-8020-FCE8BAB49629}.Debug|x86.ActiveCfg = Debug|Any CPU
		{1F21475A-ABB2-46CB-8020-FCE8BAB49629}.Debug|x86.Build.0 = Debug|Any CPU
		{1F21475A-ABB2-46CB-8020-FCE8BAB49629}.Release|Any CPU.ActiveCfg = Release|Any CPU
		{1F21475A-ABB2-46CB-8020-FCE8BAB49629}.Release|Any CPU.Build.0 = Release|Any CPU
		{1F21475A-ABB2-46CB-8020-FCE8BAB49629}.Release|arm64.ActiveCfg = Release|Any CPU
		{1F21475A-ABB2-46CB-8020-FCE8BAB49629}.Release|arm64.Build.0 = Release|Any CPU
		{1F21475A-ABB2-46CB-8020-FCE8BAB49629}.Release|x64.ActiveCfg = Release|Any CPU
		{1F21475A-ABB2-46CB-8020-FCE8BAB49629}.Release|x64.Build.0 = Release|Any CPU
		{1F21475A-ABB2-46CB-8020-FCE8BAB49629}.Release|x86.ActiveCfg = Release|Any CPU
		{1F21475A-ABB2-46CB-8020-FCE8BAB49629}.Release|x86.Build.0 = Release|Any CPU
		{F3212CCB-C599-40C0-86D8-5E6C82DCFB31}.Debug|Any CPU.ActiveCfg = Debug|Any CPU
		{F3212CCB-C599-40C0-86D8-5E6C82DCFB31}.Debug|Any CPU.Build.0 = Debug|Any CPU
		{F3212CCB-C599-40C0-86D8-5E6C82DCFB31}.Debug|arm64.ActiveCfg = Debug|Any CPU
		{F3212CCB-C599-40C0-86D8-5E6C82DCFB31}.Debug|arm64.Build.0 = Debug|Any CPU
		{F3212CCB-C599-40C0-86D8-5E6C82DCFB31}.Debug|x64.ActiveCfg = Debug|Any CPU
		{F3212CCB-C599-40C0-86D8-5E6C82DCFB31}.Debug|x64.Build.0 = Debug|Any CPU
		{F3212CCB-C599-40C0-86D8-5E6C82DCFB31}.Debug|x86.ActiveCfg = Debug|Any CPU
		{F3212CCB-C599-40C0-86D8-5E6C82DCFB31}.Debug|x86.Build.0 = Debug|Any CPU
		{F3212CCB-C599-40C0-86D8-5E6C82DCFB31}.Release|Any CPU.ActiveCfg = Release|Any CPU
		{F3212CCB-C599-40C0-86D8-5E6C82DCFB31}.Release|Any CPU.Build.0 = Release|Any CPU
		{F3212CCB-C599-40C0-86D8-5E6C82DCFB31}.Release|arm64.ActiveCfg = Release|Any CPU
		{F3212CCB-C599-40C0-86D8-5E6C82DCFB31}.Release|arm64.Build.0 = Release|Any CPU
		{F3212CCB-C599-40C0-86D8-5E6C82DCFB31}.Release|x64.ActiveCfg = Release|Any CPU
		{F3212CCB-C599-40C0-86D8-5E6C82DCFB31}.Release|x64.Build.0 = Release|Any CPU
		{F3212CCB-C599-40C0-86D8-5E6C82DCFB31}.Release|x86.ActiveCfg = Release|Any CPU
		{F3212CCB-C599-40C0-86D8-5E6C82DCFB31}.Release|x86.Build.0 = Release|Any CPU
	EndGlobalSection
	GlobalSection(SolutionProperties) = preSolution
		HideSolutionNode = FALSE
	EndGlobalSection
	GlobalSection(NestedProjects) = preSolution
		{70CDA4DF-6612-4CF7-87EA-03701778A84E} = {95EBD75D-48F0-4236-AB57-0E4DFAA722ED}
		{5F4A8E0A-8A43-477E-8703-BBDE1BDF8419} = {95EBD75D-48F0-4236-AB57-0E4DFAA722ED}
		{BD6286A0-9E8E-4D93-9ED9-2580BAE0C767} = {70CDA4DF-6612-4CF7-87EA-03701778A84E}
<<<<<<< HEAD
		{A28C20D8-45AE-4B54-89FD-3DBF9FEA794D} = {2562C417-84FD-474F-BDD8-F68C8CEDC02D}
=======
>>>>>>> d1a922c2b15b1ed4309eb6c79bac6e8d9315b26f
		{FD92FD23-C4C0-408D-8BA1-12E8CFE3192B} = {5F4A8E0A-8A43-477E-8703-BBDE1BDF8419}
		{F0EBBEC6-A5FE-4532-884E-CE3F19549998} = {594CC6EF-C9A3-4C67-8F00-A35DDE903368}
		{489DE6C9-B58F-4A45-ABC5-E0E0A92EDFFD} = {70CDA4DF-6612-4CF7-87EA-03701778A84E}
		{B036A90D-A8A2-4248-AE43-E3E9B24436EE} = {4EE8BFA3-416F-4D40-8AD9-DE0B7C193A02}
		{E05E897E-5B10-44C7-BC79-21E839050097} = {6487D63E-23A2-4DF4-9EB5-610AD80B3C9F}
		{B0CCFC89-5758-4C01-8CF0-43B9BEADE9B1} = {95EBD75D-48F0-4236-AB57-0E4DFAA722ED}
		{0FC2BEF1-2028-4B31-B167-051FA2A18A6F} = {B0CCFC89-5758-4C01-8CF0-43B9BEADE9B1}
		{A4879C15-86AF-4E2F-A492-9A6953F0A6E0} = {95EBD75D-48F0-4236-AB57-0E4DFAA722ED}
		{0A0D6300-34C8-443A-A335-D8C859650D88} = {A4879C15-86AF-4E2F-A492-9A6953F0A6E0}
		{1C1C17A0-4B88-4AF0-8C11-48B5028EF871} = {9A7E4EEF-9166-4076-B9B6-6F54C11B87BD}
		{5214AC40-8489-44E9-AFBF-C1097CD73FCC} = {9A7E4EEF-9166-4076-B9B6-6F54C11B87BD}
		{C33EFC14-56CC-42AD-9F54-293225885242} = {9A7E4EEF-9166-4076-B9B6-6F54C11B87BD}
		{1F21475A-ABB2-46CB-8020-FCE8BAB49629} = {9A7E4EEF-9166-4076-B9B6-6F54C11B87BD}
		{F3212CCB-C599-40C0-86D8-5E6C82DCFB31} = {9A7E4EEF-9166-4076-B9B6-6F54C11B87BD}
	EndGlobalSection
	GlobalSection(ExtensibilityGlobals) = postSolution
		SolutionGuid = {121D87D8-30BB-4E71-80CE-67CC06814434}
	EndGlobalSection
EndGlobal
