
Microsoft Visual Studio Solution File, Format Version 12.00
# Visual Studio Version 17
VisualStudioVersion = 17.0.32112.339
MinimumVisualStudioVersion = 10.0.40219.1
Project("{2150E333-8FDC-42A3-9474-1A3956D46DE8}") = "Host", "Host", "{9A7E4EEF-9166-4076-B9B6-6F54C11B87BD}"
EndProject
Project("{2150E333-8FDC-42A3-9474-1A3956D46DE8}") = "Application", "Application", "{D10FEC76-0A23-4A1C-98B2-E9A985DB2526}"
EndProject
Project("{2150E333-8FDC-42A3-9474-1A3956D46DE8}") = "Infrastructure", "Infrastructure", "{95EBD75D-48F0-4236-AB57-0E4DFAA722ED}"
EndProject
Project("{2150E333-8FDC-42A3-9474-1A3956D46DE8}") = "InMemory", "InMemory", "{70CDA4DF-6612-4CF7-87EA-03701778A84E}"
EndProject
Project("{2150E333-8FDC-42A3-9474-1A3956D46DE8}") = "Shared", "Shared", "{4EE8BFA3-416F-4D40-8AD9-DE0B7C193A02}"
EndProject
Project("{2150E333-8FDC-42A3-9474-1A3956D46DE8}") = "Report", "Report", "{5F4A8E0A-8A43-477E-8703-BBDE1BDF8419}"
EndProject
Project("{2150E333-8FDC-42A3-9474-1A3956D46DE8}") = "Avalonia", "Avalonia", "{2562C417-84FD-474F-BDD8-F68C8CEDC02D}"
EndProject
Project("{9A19103F-16F7-4668-BE54-9A1E7A4F7556}") = "ProjectItemReader", "Infrastructure\ProjectItemsReader\ProjectItemReader\ProjectItemReader.csproj", "{BD6286A0-9E8E-4D93-9ED9-2580BAE0C767}"
EndProject
Project("{2150E333-8FDC-42A3-9474-1A3956D46DE8}") = "Publish", "Publish", "{2A251369-A991-4D85-8C94-127C51DAFE1F}"
	ProjectSection(SolutionItems) = preProject
		Publish\publish-win-all.bat = Publish\publish-win-all.bat
		Publish\publish-win.bat = Publish\publish-win.bat
	EndProjectSection
EndProject
Project("{2150E333-8FDC-42A3-9474-1A3956D46DE8}") = "Build", "Build", "{6487D63E-23A2-4DF4-9EB5-610AD80B3C9F}"
EndProject
Project("{2150E333-8FDC-42A3-9474-1A3956D46DE8}") = "Test", "Test", "{E27892F2-386A-4E6A-8303-78BB92570F1C}"
EndProject
Project("{54435603-DBB4-11D2-8724-00A0C9A8B90C}") = "ProjectAvalonia.Builder", "Build\ProjectAvalonia.Builder\ProjectAvalonia.Builder.vdproj", "{17559D11-872A-4E73-9F86-E9D9D438DDAE}"
EndProject
Project("{9A19103F-16F7-4668-BE54-9A1E7A4F7556}") = "ProjectAvalonia", "Host\Avalonia\ProjectAvalonia\ProjectAvalonia.csproj", "{A28C20D8-45AE-4B54-89FD-3DBF9FEA794D}"
EndProject
Project("{2150E333-8FDC-42A3-9474-1A3956D46DE8}") = "WinUi", "WinUi", "{84445C01-229A-41D6-B3DA-14409116926C}"
EndProject
Project("{2150E333-8FDC-42A3-9474-1A3956D46DE8}") = "Domain", "Domain", "{071F972E-9E55-423C-8B5B-1183B048BF13}"
EndProject
Project("{2150E333-8FDC-42A3-9474-1A3956D46DE8}") = "Core", "Core", "{B935E4A4-AD35-485E-B511-E64421C2720E}"
EndProject
Project("{9A19103F-16F7-4668-BE54-9A1E7A4F7556}") = "ProjetoAcessibilidade.Core", "Domain\Core\App.Core\ProjetoAcessibilidade.Core.csproj", "{7B20A711-9E9D-4877-A6A8-DA98F713C764}"
EndProject
Project("{9A19103F-16F7-4668-BE54-9A1E7A4F7556}") = "ProjectWinUI", "Host\WinUi\ProjectWinUI\ProjectWinUI.csproj", "{2969651D-33A5-4A27-87A3-E9773311AE44}"
EndProject
Project("{9A19103F-16F7-4668-BE54-9A1E7A4F7556}") = "QuestPDFReport", "Infrastructure\Reports\QuestPDFReport\QuestPDFReport.csproj", "{FD92FD23-C4C0-408D-8BA1-12E8CFE3192B}"
EndProject
Project("{2150E333-8FDC-42A3-9474-1A3956D46DE8}") = "QuestPDF", "QuestPDF", "{272A2231-B437-4734-AF13-9160E85D2F8F}"
EndProject
Project("{9A19103F-16F7-4668-BE54-9A1E7A4F7556}") = "QuestPDF", "Host\QuestPDF\QuestPDF\QuestPDF.csproj", "{B69970B4-DAB9-4945-911E-0D0CDFC0BFF4}"
EndProject
Project("{9A19103F-16F7-4668-BE54-9A1E7A4F7556}") = "QuestPDF.Previewer", "Host\QuestPDF\QuestPDF.Previewer\QuestPDF.Previewer.csproj", "{C33EFC14-56CC-42AD-9F54-293225885242}"
EndProject
Project("{9A19103F-16F7-4668-BE54-9A1E7A4F7556}") = "ProjectAvalonia.Desktop", "Host\Avalonia\ProjectAvalonia.Desktop\ProjectAvalonia.Desktop.csproj", "{1C1C17A0-4B88-4AF0-8C11-48B5028EF871}"
EndProject
Project("{9A19103F-16F7-4668-BE54-9A1E7A4F7556}") = "ProjectAvalonia.Generators", "Host\Avalonia\ProjectAvalonia.Generators\ProjectAvalonia.Generators.csproj", "{5214AC40-8489-44E9-AFBF-C1097CD73FCC}"
EndProject
Project("{2150E333-8FDC-42A3-9474-1A3956D46DE8}") = "Presentation", "Presentation", "{594CC6EF-C9A3-4C67-8F00-A35DDE903368}"
EndProject
Project("{9A19103F-16F7-4668-BE54-9A1E7A4F7556}") = "ProjectAvalonia.Presentation", "Presentation\ProjectAvalonia.Presentation\ProjectAvalonia.Presentation.csproj", "{F0EBBEC6-A5FE-4532-884E-CE3F19549998}"
EndProject
Project("{2150E333-8FDC-42A3-9474-1A3956D46DE8}") = "DI", "DI", "{0A488BE3-6D93-4FE6-8AE9-1D7387BDE44A}"
EndProject
Project("{9A19103F-16F7-4668-BE54-9A1E7A4F7556}") = "AppDI", "DI\AppDI\AppDI.csproj", "{378D45D9-041E-4624-BFC0-9812E74B4186}"
EndProject
Project("{9A19103F-16F7-4668-BE54-9A1E7A4F7556}") = "InfrastrutureTests", "Infrastructure\Tests\InfrastrutureTests\InfrastrutureTests.csproj", "{489DE6C9-B58F-4A45-ABC5-E0E0A92EDFFD}"
EndProject
Project("{9A19103F-16F7-4668-BE54-9A1E7A4F7556}") = "Common", "Shared\Common\Common.csproj", "{B036A90D-A8A2-4248-AE43-E3E9B24436EE}"
EndProject
Project("{930C7802-8A8C-48F9-8165-68863BCCD9DD}") = "AppInstaller", "Build\AppInstaller\AppInstaller.wixproj", "{E05E897E-5B10-44C7-BC79-21E839050097}"
EndProject
Project("{9A19103F-16F7-4668-BE54-9A1E7A4F7556}") = "Domain", "Domain\Domain\Domain.csproj", "{C925FCA7-3345-4EB1-A2DC-E302E3312D62}"
EndProject
Project("{2150E333-8FDC-42A3-9474-1A3956D46DE8}") = "Remote", "Remote", "{B0CCFC89-5758-4C01-8CF0-43B9BEADE9B1}"
EndProject
Project("{FAE04EC0-301F-11D3-BF4B-00C04F79EFBC}") = "GoogleDriveApi", "Infrastructure\Remote\GoogleDriveApi\GoogleDriveApi.csproj", "{0FC2BEF1-2028-4B31-B167-051FA2A18A6F}"
EndProject
Project("{FAE04EC0-301F-11D3-BF4B-00C04F79EFBC}") = "Application", "Domain\Application\Application.csproj", "{082A6097-7AA5-4FB9-88DA-8A25BDAA0F7F}"
EndProject
Project("{FAE04EC0-301F-11D3-BF4B-00C04F79EFBC}") = "ProjetoAcessibilidade.Domain", "Domain\Project.Application\ProjetoAcessibilidade.Domain.csproj", "{E7DDA592-6379-4859-9A7C-42E729F246DC}"
EndProject
Global
	GlobalSection(SolutionConfigurationPlatforms) = preSolution
		Debug|Any CPU = Debug|Any CPU
		Debug|arm64 = Debug|arm64
		Debug|x64 = Debug|x64
		Debug|x86 = Debug|x86
		Release|Any CPU = Release|Any CPU
		Release|arm64 = Release|arm64
		Release|x64 = Release|x64
		Release|x86 = Release|x86
	EndGlobalSection
	GlobalSection(ProjectConfigurationPlatforms) = postSolution
		{BD6286A0-9E8E-4D93-9ED9-2580BAE0C767}.Debug|Any CPU.ActiveCfg = Debug|Any CPU
		{BD6286A0-9E8E-4D93-9ED9-2580BAE0C767}.Debug|Any CPU.Build.0 = Debug|Any CPU
		{BD6286A0-9E8E-4D93-9ED9-2580BAE0C767}.Debug|arm64.ActiveCfg = Debug|Any CPU
		{BD6286A0-9E8E-4D93-9ED9-2580BAE0C767}.Debug|arm64.Build.0 = Debug|Any CPU
		{BD6286A0-9E8E-4D93-9ED9-2580BAE0C767}.Debug|x64.ActiveCfg = Debug|Any CPU
		{BD6286A0-9E8E-4D93-9ED9-2580BAE0C767}.Debug|x64.Build.0 = Debug|Any CPU
		{BD6286A0-9E8E-4D93-9ED9-2580BAE0C767}.Debug|x86.ActiveCfg = Debug|Any CPU
		{BD6286A0-9E8E-4D93-9ED9-2580BAE0C767}.Debug|x86.Build.0 = Debug|Any CPU
		{BD6286A0-9E8E-4D93-9ED9-2580BAE0C767}.Release|Any CPU.ActiveCfg = Release|Any CPU
		{BD6286A0-9E8E-4D93-9ED9-2580BAE0C767}.Release|Any CPU.Build.0 = Release|Any CPU
		{BD6286A0-9E8E-4D93-9ED9-2580BAE0C767}.Release|arm64.ActiveCfg = Release|Any CPU
		{BD6286A0-9E8E-4D93-9ED9-2580BAE0C767}.Release|arm64.Build.0 = Release|Any CPU
		{BD6286A0-9E8E-4D93-9ED9-2580BAE0C767}.Release|x64.ActiveCfg = Release|Any CPU
		{BD6286A0-9E8E-4D93-9ED9-2580BAE0C767}.Release|x64.Build.0 = Release|Any CPU
		{BD6286A0-9E8E-4D93-9ED9-2580BAE0C767}.Release|x86.ActiveCfg = Release|Any CPU
		{BD6286A0-9E8E-4D93-9ED9-2580BAE0C767}.Release|x86.Build.0 = Release|Any CPU
		{A28C20D8-45AE-4B54-89FD-3DBF9FEA794D}.Debug|Any CPU.ActiveCfg = Debug|Any CPU
		{A28C20D8-45AE-4B54-89FD-3DBF9FEA794D}.Debug|Any CPU.Build.0 = Debug|Any CPU
		{A28C20D8-45AE-4B54-89FD-3DBF9FEA794D}.Debug|arm64.ActiveCfg = Debug|Any CPU
		{A28C20D8-45AE-4B54-89FD-3DBF9FEA794D}.Debug|arm64.Build.0 = Debug|Any CPU
		{A28C20D8-45AE-4B54-89FD-3DBF9FEA794D}.Debug|x64.ActiveCfg = Debug|Any CPU
		{A28C20D8-45AE-4B54-89FD-3DBF9FEA794D}.Debug|x64.Build.0 = Debug|Any CPU
		{A28C20D8-45AE-4B54-89FD-3DBF9FEA794D}.Debug|x86.ActiveCfg = Debug|Any CPU
		{A28C20D8-45AE-4B54-89FD-3DBF9FEA794D}.Debug|x86.Build.0 = Debug|Any CPU
		{A28C20D8-45AE-4B54-89FD-3DBF9FEA794D}.Release|Any CPU.ActiveCfg = Release|Any CPU
		{A28C20D8-45AE-4B54-89FD-3DBF9FEA794D}.Release|Any CPU.Build.0 = Release|Any CPU
		{A28C20D8-45AE-4B54-89FD-3DBF9FEA794D}.Release|arm64.ActiveCfg = Release|Any CPU
		{A28C20D8-45AE-4B54-89FD-3DBF9FEA794D}.Release|arm64.Build.0 = Release|Any CPU
		{A28C20D8-45AE-4B54-89FD-3DBF9FEA794D}.Release|x64.ActiveCfg = Release|Any CPU
		{A28C20D8-45AE-4B54-89FD-3DBF9FEA794D}.Release|x64.Build.0 = Release|Any CPU
		{A28C20D8-45AE-4B54-89FD-3DBF9FEA794D}.Release|x86.ActiveCfg = Release|Any CPU
		{A28C20D8-45AE-4B54-89FD-3DBF9FEA794D}.Release|x86.Build.0 = Release|Any CPU
		{7B20A711-9E9D-4877-A6A8-DA98F713C764}.Debug|Any CPU.ActiveCfg = Debug|Any CPU
		{7B20A711-9E9D-4877-A6A8-DA98F713C764}.Debug|Any CPU.Build.0 = Debug|Any CPU
		{7B20A711-9E9D-4877-A6A8-DA98F713C764}.Debug|arm64.ActiveCfg = Debug|Any CPU
		{7B20A711-9E9D-4877-A6A8-DA98F713C764}.Debug|arm64.Build.0 = Debug|Any CPU
		{7B20A711-9E9D-4877-A6A8-DA98F713C764}.Debug|x64.ActiveCfg = Debug|Any CPU
		{7B20A711-9E9D-4877-A6A8-DA98F713C764}.Debug|x64.Build.0 = Debug|Any CPU
		{7B20A711-9E9D-4877-A6A8-DA98F713C764}.Debug|x86.ActiveCfg = Debug|Any CPU
		{7B20A711-9E9D-4877-A6A8-DA98F713C764}.Debug|x86.Build.0 = Debug|Any CPU
		{7B20A711-9E9D-4877-A6A8-DA98F713C764}.Release|Any CPU.ActiveCfg = Release|Any CPU
		{7B20A711-9E9D-4877-A6A8-DA98F713C764}.Release|Any CPU.Build.0 = Release|Any CPU
		{7B20A711-9E9D-4877-A6A8-DA98F713C764}.Release|arm64.ActiveCfg = Release|Any CPU
		{7B20A711-9E9D-4877-A6A8-DA98F713C764}.Release|arm64.Build.0 = Release|Any CPU
		{7B20A711-9E9D-4877-A6A8-DA98F713C764}.Release|x64.ActiveCfg = Release|Any CPU
		{7B20A711-9E9D-4877-A6A8-DA98F713C764}.Release|x64.Build.0 = Release|Any CPU
		{7B20A711-9E9D-4877-A6A8-DA98F713C764}.Release|x86.ActiveCfg = Release|Any CPU
		{7B20A711-9E9D-4877-A6A8-DA98F713C764}.Release|x86.Build.0 = Release|Any CPU
		{2969651D-33A5-4A27-87A3-E9773311AE44}.Debug|Any CPU.ActiveCfg = Debug|x64
		{2969651D-33A5-4A27-87A3-E9773311AE44}.Debug|Any CPU.Build.0 = Debug|x64
		{2969651D-33A5-4A27-87A3-E9773311AE44}.Debug|Any CPU.Deploy.0 = Debug|x64
		{2969651D-33A5-4A27-87A3-E9773311AE44}.Debug|arm64.ActiveCfg = Debug|ARM64
		{2969651D-33A5-4A27-87A3-E9773311AE44}.Debug|arm64.Build.0 = Debug|ARM64
		{2969651D-33A5-4A27-87A3-E9773311AE44}.Debug|arm64.Deploy.0 = Debug|ARM64
		{2969651D-33A5-4A27-87A3-E9773311AE44}.Debug|x64.ActiveCfg = Debug|x64
		{2969651D-33A5-4A27-87A3-E9773311AE44}.Debug|x64.Build.0 = Debug|x64
		{2969651D-33A5-4A27-87A3-E9773311AE44}.Debug|x64.Deploy.0 = Debug|x64
		{2969651D-33A5-4A27-87A3-E9773311AE44}.Debug|x86.ActiveCfg = Debug|x86
		{2969651D-33A5-4A27-87A3-E9773311AE44}.Debug|x86.Build.0 = Debug|x86
		{2969651D-33A5-4A27-87A3-E9773311AE44}.Debug|x86.Deploy.0 = Debug|x86
		{2969651D-33A5-4A27-87A3-E9773311AE44}.Release|Any CPU.ActiveCfg = Release|x64
		{2969651D-33A5-4A27-87A3-E9773311AE44}.Release|Any CPU.Build.0 = Release|x64
		{2969651D-33A5-4A27-87A3-E9773311AE44}.Release|Any CPU.Deploy.0 = Release|x64
		{2969651D-33A5-4A27-87A3-E9773311AE44}.Release|arm64.ActiveCfg = Release|ARM64
		{2969651D-33A5-4A27-87A3-E9773311AE44}.Release|arm64.Build.0 = Release|ARM64
		{2969651D-33A5-4A27-87A3-E9773311AE44}.Release|arm64.Deploy.0 = Release|ARM64
		{2969651D-33A5-4A27-87A3-E9773311AE44}.Release|x64.ActiveCfg = Release|x64
		{2969651D-33A5-4A27-87A3-E9773311AE44}.Release|x64.Build.0 = Release|x64
		{2969651D-33A5-4A27-87A3-E9773311AE44}.Release|x64.Deploy.0 = Release|x64
		{2969651D-33A5-4A27-87A3-E9773311AE44}.Release|x86.ActiveCfg = Release|x86
		{2969651D-33A5-4A27-87A3-E9773311AE44}.Release|x86.Build.0 = Release|x86
		{2969651D-33A5-4A27-87A3-E9773311AE44}.Release|x86.Deploy.0 = Release|x86
		{FD92FD23-C4C0-408D-8BA1-12E8CFE3192B}.Debug|Any CPU.ActiveCfg = Debug|Any CPU
		{FD92FD23-C4C0-408D-8BA1-12E8CFE3192B}.Debug|Any CPU.Build.0 = Debug|Any CPU
		{FD92FD23-C4C0-408D-8BA1-12E8CFE3192B}.Debug|arm64.ActiveCfg = Debug|Any CPU
		{FD92FD23-C4C0-408D-8BA1-12E8CFE3192B}.Debug|arm64.Build.0 = Debug|Any CPU
		{FD92FD23-C4C0-408D-8BA1-12E8CFE3192B}.Debug|x64.ActiveCfg = Debug|Any CPU
		{FD92FD23-C4C0-408D-8BA1-12E8CFE3192B}.Debug|x64.Build.0 = Debug|Any CPU
		{FD92FD23-C4C0-408D-8BA1-12E8CFE3192B}.Debug|x86.ActiveCfg = Debug|Any CPU
		{FD92FD23-C4C0-408D-8BA1-12E8CFE3192B}.Debug|x86.Build.0 = Debug|Any CPU
		{FD92FD23-C4C0-408D-8BA1-12E8CFE3192B}.Release|Any CPU.ActiveCfg = Release|Any CPU
		{FD92FD23-C4C0-408D-8BA1-12E8CFE3192B}.Release|Any CPU.Build.0 = Release|Any CPU
		{FD92FD23-C4C0-408D-8BA1-12E8CFE3192B}.Release|arm64.ActiveCfg = Release|Any CPU
		{FD92FD23-C4C0-408D-8BA1-12E8CFE3192B}.Release|arm64.Build.0 = Release|Any CPU
		{FD92FD23-C4C0-408D-8BA1-12E8CFE3192B}.Release|x64.ActiveCfg = Release|Any CPU
		{FD92FD23-C4C0-408D-8BA1-12E8CFE3192B}.Release|x64.Build.0 = Release|Any CPU
		{FD92FD23-C4C0-408D-8BA1-12E8CFE3192B}.Release|x86.ActiveCfg = Release|Any CPU
		{FD92FD23-C4C0-408D-8BA1-12E8CFE3192B}.Release|x86.Build.0 = Release|Any CPU
		{B69970B4-DAB9-4945-911E-0D0CDFC0BFF4}.Debug|Any CPU.ActiveCfg = Debug|Any CPU
		{B69970B4-DAB9-4945-911E-0D0CDFC0BFF4}.Debug|Any CPU.Build.0 = Debug|Any CPU
		{B69970B4-DAB9-4945-911E-0D0CDFC0BFF4}.Debug|arm64.ActiveCfg = Debug|Any CPU
		{B69970B4-DAB9-4945-911E-0D0CDFC0BFF4}.Debug|arm64.Build.0 = Debug|Any CPU
		{B69970B4-DAB9-4945-911E-0D0CDFC0BFF4}.Debug|x64.ActiveCfg = Debug|Any CPU
		{B69970B4-DAB9-4945-911E-0D0CDFC0BFF4}.Debug|x64.Build.0 = Debug|Any CPU
		{B69970B4-DAB9-4945-911E-0D0CDFC0BFF4}.Debug|x86.ActiveCfg = Debug|Any CPU
		{B69970B4-DAB9-4945-911E-0D0CDFC0BFF4}.Debug|x86.Build.0 = Debug|Any CPU
		{B69970B4-DAB9-4945-911E-0D0CDFC0BFF4}.Release|Any CPU.ActiveCfg = Release|Any CPU
		{B69970B4-DAB9-4945-911E-0D0CDFC0BFF4}.Release|Any CPU.Build.0 = Release|Any CPU
		{B69970B4-DAB9-4945-911E-0D0CDFC0BFF4}.Release|arm64.ActiveCfg = Release|Any CPU
		{B69970B4-DAB9-4945-911E-0D0CDFC0BFF4}.Release|arm64.Build.0 = Release|Any CPU
		{B69970B4-DAB9-4945-911E-0D0CDFC0BFF4}.Release|x64.ActiveCfg = Release|Any CPU
		{B69970B4-DAB9-4945-911E-0D0CDFC0BFF4}.Release|x64.Build.0 = Release|Any CPU
		{B69970B4-DAB9-4945-911E-0D0CDFC0BFF4}.Release|x86.ActiveCfg = Release|Any CPU
		{B69970B4-DAB9-4945-911E-0D0CDFC0BFF4}.Release|x86.Build.0 = Release|Any CPU
		{C33EFC14-56CC-42AD-9F54-293225885242}.Debug|Any CPU.ActiveCfg = Debug|Any CPU
		{C33EFC14-56CC-42AD-9F54-293225885242}.Debug|Any CPU.Build.0 = Debug|Any CPU
		{C33EFC14-56CC-42AD-9F54-293225885242}.Debug|arm64.ActiveCfg = Debug|Any CPU
		{C33EFC14-56CC-42AD-9F54-293225885242}.Debug|arm64.Build.0 = Debug|Any CPU
		{C33EFC14-56CC-42AD-9F54-293225885242}.Debug|x64.ActiveCfg = Debug|Any CPU
		{C33EFC14-56CC-42AD-9F54-293225885242}.Debug|x64.Build.0 = Debug|Any CPU
		{C33EFC14-56CC-42AD-9F54-293225885242}.Debug|x86.ActiveCfg = Debug|Any CPU
		{C33EFC14-56CC-42AD-9F54-293225885242}.Debug|x86.Build.0 = Debug|Any CPU
		{C33EFC14-56CC-42AD-9F54-293225885242}.Release|Any CPU.ActiveCfg = Release|Any CPU
		{C33EFC14-56CC-42AD-9F54-293225885242}.Release|Any CPU.Build.0 = Release|Any CPU
		{C33EFC14-56CC-42AD-9F54-293225885242}.Release|arm64.ActiveCfg = Release|Any CPU
		{C33EFC14-56CC-42AD-9F54-293225885242}.Release|arm64.Build.0 = Release|Any CPU
		{C33EFC14-56CC-42AD-9F54-293225885242}.Release|x64.ActiveCfg = Release|Any CPU
		{C33EFC14-56CC-42AD-9F54-293225885242}.Release|x64.Build.0 = Release|Any CPU
		{C33EFC14-56CC-42AD-9F54-293225885242}.Release|x86.ActiveCfg = Release|Any CPU
		{C33EFC14-56CC-42AD-9F54-293225885242}.Release|x86.Build.0 = Release|Any CPU
		{1C1C17A0-4B88-4AF0-8C11-48B5028EF871}.Debug|Any CPU.ActiveCfg = Debug|Any CPU
		{1C1C17A0-4B88-4AF0-8C11-48B5028EF871}.Debug|Any CPU.Build.0 = Debug|Any CPU
		{1C1C17A0-4B88-4AF0-8C11-48B5028EF871}.Debug|arm64.ActiveCfg = Debug|Any CPU
		{1C1C17A0-4B88-4AF0-8C11-48B5028EF871}.Debug|arm64.Build.0 = Debug|Any CPU
		{1C1C17A0-4B88-4AF0-8C11-48B5028EF871}.Debug|x64.ActiveCfg = Debug|Any CPU
		{1C1C17A0-4B88-4AF0-8C11-48B5028EF871}.Debug|x64.Build.0 = Debug|Any CPU
		{1C1C17A0-4B88-4AF0-8C11-48B5028EF871}.Debug|x86.ActiveCfg = Debug|Any CPU
		{1C1C17A0-4B88-4AF0-8C11-48B5028EF871}.Debug|x86.Build.0 = Debug|Any CPU
		{1C1C17A0-4B88-4AF0-8C11-48B5028EF871}.Release|Any CPU.ActiveCfg = Release|Any CPU
		{1C1C17A0-4B88-4AF0-8C11-48B5028EF871}.Release|Any CPU.Build.0 = Release|Any CPU
		{1C1C17A0-4B88-4AF0-8C11-48B5028EF871}.Release|arm64.ActiveCfg = Release|Any CPU
		{1C1C17A0-4B88-4AF0-8C11-48B5028EF871}.Release|arm64.Build.0 = Release|Any CPU
		{1C1C17A0-4B88-4AF0-8C11-48B5028EF871}.Release|x64.ActiveCfg = Release|Any CPU
		{1C1C17A0-4B88-4AF0-8C11-48B5028EF871}.Release|x64.Build.0 = Release|Any CPU
		{1C1C17A0-4B88-4AF0-8C11-48B5028EF871}.Release|x86.ActiveCfg = Release|Any CPU
		{1C1C17A0-4B88-4AF0-8C11-48B5028EF871}.Release|x86.Build.0 = Release|Any CPU
		{5214AC40-8489-44E9-AFBF-C1097CD73FCC}.Debug|Any CPU.ActiveCfg = Debug|Any CPU
		{5214AC40-8489-44E9-AFBF-C1097CD73FCC}.Debug|Any CPU.Build.0 = Debug|Any CPU
		{5214AC40-8489-44E9-AFBF-C1097CD73FCC}.Debug|arm64.ActiveCfg = Debug|Any CPU
		{5214AC40-8489-44E9-AFBF-C1097CD73FCC}.Debug|arm64.Build.0 = Debug|Any CPU
		{5214AC40-8489-44E9-AFBF-C1097CD73FCC}.Debug|x64.ActiveCfg = Debug|Any CPU
		{5214AC40-8489-44E9-AFBF-C1097CD73FCC}.Debug|x64.Build.0 = Debug|Any CPU
		{5214AC40-8489-44E9-AFBF-C1097CD73FCC}.Debug|x86.ActiveCfg = Debug|Any CPU
		{5214AC40-8489-44E9-AFBF-C1097CD73FCC}.Debug|x86.Build.0 = Debug|Any CPU
		{5214AC40-8489-44E9-AFBF-C1097CD73FCC}.Release|Any CPU.ActiveCfg = Release|Any CPU
		{5214AC40-8489-44E9-AFBF-C1097CD73FCC}.Release|Any CPU.Build.0 = Release|Any CPU
		{5214AC40-8489-44E9-AFBF-C1097CD73FCC}.Release|arm64.ActiveCfg = Release|Any CPU
		{5214AC40-8489-44E9-AFBF-C1097CD73FCC}.Release|arm64.Build.0 = Release|Any CPU
		{5214AC40-8489-44E9-AFBF-C1097CD73FCC}.Release|x64.ActiveCfg = Release|Any CPU
		{5214AC40-8489-44E9-AFBF-C1097CD73FCC}.Release|x64.Build.0 = Release|Any CPU
		{5214AC40-8489-44E9-AFBF-C1097CD73FCC}.Release|x86.ActiveCfg = Release|Any CPU
		{5214AC40-8489-44E9-AFBF-C1097CD73FCC}.Release|x86.Build.0 = Release|Any CPU
		{F0EBBEC6-A5FE-4532-884E-CE3F19549998}.Debug|Any CPU.ActiveCfg = Debug|Any CPU
		{F0EBBEC6-A5FE-4532-884E-CE3F19549998}.Debug|Any CPU.Build.0 = Debug|Any CPU
		{F0EBBEC6-A5FE-4532-884E-CE3F19549998}.Debug|arm64.ActiveCfg = Debug|Any CPU
		{F0EBBEC6-A5FE-4532-884E-CE3F19549998}.Debug|arm64.Build.0 = Debug|Any CPU
		{F0EBBEC6-A5FE-4532-884E-CE3F19549998}.Debug|x64.ActiveCfg = Debug|Any CPU
		{F0EBBEC6-A5FE-4532-884E-CE3F19549998}.Debug|x64.Build.0 = Debug|Any CPU
		{F0EBBEC6-A5FE-4532-884E-CE3F19549998}.Debug|x86.ActiveCfg = Debug|Any CPU
		{F0EBBEC6-A5FE-4532-884E-CE3F19549998}.Debug|x86.Build.0 = Debug|Any CPU
		{F0EBBEC6-A5FE-4532-884E-CE3F19549998}.Release|Any CPU.ActiveCfg = Release|Any CPU
		{F0EBBEC6-A5FE-4532-884E-CE3F19549998}.Release|Any CPU.Build.0 = Release|Any CPU
		{F0EBBEC6-A5FE-4532-884E-CE3F19549998}.Release|arm64.ActiveCfg = Release|Any CPU
		{F0EBBEC6-A5FE-4532-884E-CE3F19549998}.Release|arm64.Build.0 = Release|Any CPU
		{F0EBBEC6-A5FE-4532-884E-CE3F19549998}.Release|x64.ActiveCfg = Release|Any CPU
		{F0EBBEC6-A5FE-4532-884E-CE3F19549998}.Release|x64.Build.0 = Release|Any CPU
		{F0EBBEC6-A5FE-4532-884E-CE3F19549998}.Release|x86.ActiveCfg = Release|Any CPU
		{F0EBBEC6-A5FE-4532-884E-CE3F19549998}.Release|x86.Build.0 = Release|Any CPU
		{378D45D9-041E-4624-BFC0-9812E74B4186}.Debug|Any CPU.ActiveCfg = Debug|Any CPU
		{378D45D9-041E-4624-BFC0-9812E74B4186}.Debug|Any CPU.Build.0 = Debug|Any CPU
		{378D45D9-041E-4624-BFC0-9812E74B4186}.Debug|arm64.ActiveCfg = Debug|Any CPU
		{378D45D9-041E-4624-BFC0-9812E74B4186}.Debug|arm64.Build.0 = Debug|Any CPU
		{378D45D9-041E-4624-BFC0-9812E74B4186}.Debug|x64.ActiveCfg = Debug|Any CPU
		{378D45D9-041E-4624-BFC0-9812E74B4186}.Debug|x64.Build.0 = Debug|Any CPU
		{378D45D9-041E-4624-BFC0-9812E74B4186}.Debug|x86.ActiveCfg = Debug|Any CPU
		{378D45D9-041E-4624-BFC0-9812E74B4186}.Debug|x86.Build.0 = Debug|Any CPU
		{378D45D9-041E-4624-BFC0-9812E74B4186}.Release|Any CPU.ActiveCfg = Release|Any CPU
		{378D45D9-041E-4624-BFC0-9812E74B4186}.Release|Any CPU.Build.0 = Release|Any CPU
		{378D45D9-041E-4624-BFC0-9812E74B4186}.Release|arm64.ActiveCfg = Release|Any CPU
		{378D45D9-041E-4624-BFC0-9812E74B4186}.Release|arm64.Build.0 = Release|Any CPU
		{378D45D9-041E-4624-BFC0-9812E74B4186}.Release|x64.ActiveCfg = Release|Any CPU
		{378D45D9-041E-4624-BFC0-9812E74B4186}.Release|x64.Build.0 = Release|Any CPU
		{378D45D9-041E-4624-BFC0-9812E74B4186}.Release|x86.ActiveCfg = Release|Any CPU
		{378D45D9-041E-4624-BFC0-9812E74B4186}.Release|x86.Build.0 = Release|Any CPU
		{489DE6C9-B58F-4A45-ABC5-E0E0A92EDFFD}.Debug|Any CPU.ActiveCfg = Debug|Any CPU
		{489DE6C9-B58F-4A45-ABC5-E0E0A92EDFFD}.Debug|Any CPU.Build.0 = Debug|Any CPU
		{489DE6C9-B58F-4A45-ABC5-E0E0A92EDFFD}.Debug|arm64.ActiveCfg = Debug|Any CPU
		{489DE6C9-B58F-4A45-ABC5-E0E0A92EDFFD}.Debug|arm64.Build.0 = Debug|Any CPU
		{489DE6C9-B58F-4A45-ABC5-E0E0A92EDFFD}.Debug|x64.ActiveCfg = Debug|Any CPU
		{489DE6C9-B58F-4A45-ABC5-E0E0A92EDFFD}.Debug|x64.Build.0 = Debug|Any CPU
		{489DE6C9-B58F-4A45-ABC5-E0E0A92EDFFD}.Debug|x86.ActiveCfg = Debug|Any CPU
		{489DE6C9-B58F-4A45-ABC5-E0E0A92EDFFD}.Debug|x86.Build.0 = Debug|Any CPU
		{489DE6C9-B58F-4A45-ABC5-E0E0A92EDFFD}.Release|Any CPU.ActiveCfg = Release|Any CPU
		{489DE6C9-B58F-4A45-ABC5-E0E0A92EDFFD}.Release|Any CPU.Build.0 = Release|Any CPU
		{489DE6C9-B58F-4A45-ABC5-E0E0A92EDFFD}.Release|arm64.ActiveCfg = Release|Any CPU
		{489DE6C9-B58F-4A45-ABC5-E0E0A92EDFFD}.Release|arm64.Build.0 = Release|Any CPU
		{489DE6C9-B58F-4A45-ABC5-E0E0A92EDFFD}.Release|x64.ActiveCfg = Release|Any CPU
		{489DE6C9-B58F-4A45-ABC5-E0E0A92EDFFD}.Release|x64.Build.0 = Release|Any CPU
		{489DE6C9-B58F-4A45-ABC5-E0E0A92EDFFD}.Release|x86.ActiveCfg = Release|Any CPU
		{489DE6C9-B58F-4A45-ABC5-E0E0A92EDFFD}.Release|x86.Build.0 = Release|Any CPU
		{B036A90D-A8A2-4248-AE43-E3E9B24436EE}.Debug|Any CPU.ActiveCfg = Debug|Any CPU
		{B036A90D-A8A2-4248-AE43-E3E9B24436EE}.Debug|Any CPU.Build.0 = Debug|Any CPU
		{B036A90D-A8A2-4248-AE43-E3E9B24436EE}.Debug|arm64.ActiveCfg = Debug|Any CPU
		{B036A90D-A8A2-4248-AE43-E3E9B24436EE}.Debug|arm64.Build.0 = Debug|Any CPU
		{B036A90D-A8A2-4248-AE43-E3E9B24436EE}.Debug|x64.ActiveCfg = Debug|x64
		{B036A90D-A8A2-4248-AE43-E3E9B24436EE}.Debug|x64.Build.0 = Debug|x64
		{B036A90D-A8A2-4248-AE43-E3E9B24436EE}.Debug|x86.ActiveCfg = Debug|Any CPU
		{B036A90D-A8A2-4248-AE43-E3E9B24436EE}.Debug|x86.Build.0 = Debug|Any CPU
		{B036A90D-A8A2-4248-AE43-E3E9B24436EE}.Release|Any CPU.ActiveCfg = Release|Any CPU
		{B036A90D-A8A2-4248-AE43-E3E9B24436EE}.Release|Any CPU.Build.0 = Release|Any CPU
		{B036A90D-A8A2-4248-AE43-E3E9B24436EE}.Release|arm64.ActiveCfg = Release|Any CPU
		{B036A90D-A8A2-4248-AE43-E3E9B24436EE}.Release|arm64.Build.0 = Release|Any CPU
		{B036A90D-A8A2-4248-AE43-E3E9B24436EE}.Release|x64.ActiveCfg = Release|x64
		{B036A90D-A8A2-4248-AE43-E3E9B24436EE}.Release|x64.Build.0 = Release|x64
		{B036A90D-A8A2-4248-AE43-E3E9B24436EE}.Release|x86.ActiveCfg = Release|Any CPU
		{B036A90D-A8A2-4248-AE43-E3E9B24436EE}.Release|x86.Build.0 = Release|Any CPU
		{E05E897E-5B10-44C7-BC79-21E839050097}.Debug|arm64.ActiveCfg = Debug|x86
		{E05E897E-5B10-44C7-BC79-21E839050097}.Debug|arm64.Build.0 = Debug|x86
		{E05E897E-5B10-44C7-BC79-21E839050097}.Debug|x64.ActiveCfg = Debug|x64
		{E05E897E-5B10-44C7-BC79-21E839050097}.Debug|x64.Build.0 = Debug|x64
		{E05E897E-5B10-44C7-BC79-21E839050097}.Debug|x86.ActiveCfg = Debug|x86
		{E05E897E-5B10-44C7-BC79-21E839050097}.Debug|x86.Build.0 = Debug|x86
		{E05E897E-5B10-44C7-BC79-21E839050097}.Release|Any CPU.ActiveCfg = Release|x86
		{E05E897E-5B10-44C7-BC79-21E839050097}.Release|Any CPU.Build.0 = Release|x86
		{E05E897E-5B10-44C7-BC79-21E839050097}.Release|arm64.ActiveCfg = Release|x86
		{E05E897E-5B10-44C7-BC79-21E839050097}.Release|arm64.Build.0 = Release|x86
		{E05E897E-5B10-44C7-BC79-21E839050097}.Release|x64.ActiveCfg = Release|x86
		{E05E897E-5B10-44C7-BC79-21E839050097}.Release|x64.Build.0 = Release|x86
		{E05E897E-5B10-44C7-BC79-21E839050097}.Release|x86.ActiveCfg = Release|x86
		{E05E897E-5B10-44C7-BC79-21E839050097}.Release|x86.Build.0 = Release|x86
		{E05E897E-5B10-44C7-BC79-21E839050097}.Debug|Any CPU.ActiveCfg = Debug|x64
		{E05E897E-5B10-44C7-BC79-21E839050097}.Debug|Any CPU.Build.0 = Debug|x64
		{C925FCA7-3345-4EB1-A2DC-E302E3312D62}.Debug|Any CPU.ActiveCfg = Debug|Any CPU
		{C925FCA7-3345-4EB1-A2DC-E302E3312D62}.Debug|Any CPU.Build.0 = Debug|Any CPU
		{C925FCA7-3345-4EB1-A2DC-E302E3312D62}.Debug|arm64.ActiveCfg = Debug|Any CPU
		{C925FCA7-3345-4EB1-A2DC-E302E3312D62}.Debug|arm64.Build.0 = Debug|Any CPU
		{C925FCA7-3345-4EB1-A2DC-E302E3312D62}.Debug|x64.ActiveCfg = Debug|Any CPU
		{C925FCA7-3345-4EB1-A2DC-E302E3312D62}.Debug|x64.Build.0 = Debug|Any CPU
		{C925FCA7-3345-4EB1-A2DC-E302E3312D62}.Debug|x86.ActiveCfg = Debug|Any CPU
		{C925FCA7-3345-4EB1-A2DC-E302E3312D62}.Debug|x86.Build.0 = Debug|Any CPU
		{C925FCA7-3345-4EB1-A2DC-E302E3312D62}.Release|Any CPU.ActiveCfg = Release|Any CPU
		{C925FCA7-3345-4EB1-A2DC-E302E3312D62}.Release|Any CPU.Build.0 = Release|Any CPU
		{C925FCA7-3345-4EB1-A2DC-E302E3312D62}.Release|arm64.ActiveCfg = Release|Any CPU
		{C925FCA7-3345-4EB1-A2DC-E302E3312D62}.Release|arm64.Build.0 = Release|Any CPU
		{C925FCA7-3345-4EB1-A2DC-E302E3312D62}.Release|x64.ActiveCfg = Release|Any CPU
		{C925FCA7-3345-4EB1-A2DC-E302E3312D62}.Release|x64.Build.0 = Release|Any CPU
		{C925FCA7-3345-4EB1-A2DC-E302E3312D62}.Release|x86.ActiveCfg = Release|Any CPU
		{C925FCA7-3345-4EB1-A2DC-E302E3312D62}.Release|x86.Build.0 = Release|Any CPU
		{0FC2BEF1-2028-4B31-B167-051FA2A18A6F}.Debug|Any CPU.ActiveCfg = Debug|Any CPU
		{0FC2BEF1-2028-4B31-B167-051FA2A18A6F}.Debug|Any CPU.Build.0 = Debug|Any CPU
		{0FC2BEF1-2028-4B31-B167-051FA2A18A6F}.Debug|arm64.ActiveCfg = Debug|Any CPU
		{0FC2BEF1-2028-4B31-B167-051FA2A18A6F}.Debug|arm64.Build.0 = Debug|Any CPU
		{0FC2BEF1-2028-4B31-B167-051FA2A18A6F}.Debug|x64.ActiveCfg = Debug|Any CPU
		{0FC2BEF1-2028-4B31-B167-051FA2A18A6F}.Debug|x64.Build.0 = Debug|Any CPU
		{0FC2BEF1-2028-4B31-B167-051FA2A18A6F}.Debug|x86.ActiveCfg = Debug|Any CPU
		{0FC2BEF1-2028-4B31-B167-051FA2A18A6F}.Debug|x86.Build.0 = Debug|Any CPU
		{0FC2BEF1-2028-4B31-B167-051FA2A18A6F}.Release|Any CPU.ActiveCfg = Release|Any CPU
		{0FC2BEF1-2028-4B31-B167-051FA2A18A6F}.Release|Any CPU.Build.0 = Release|Any CPU
		{0FC2BEF1-2028-4B31-B167-051FA2A18A6F}.Release|arm64.ActiveCfg = Release|Any CPU
		{0FC2BEF1-2028-4B31-B167-051FA2A18A6F}.Release|arm64.Build.0 = Release|Any CPU
		{0FC2BEF1-2028-4B31-B167-051FA2A18A6F}.Release|x64.ActiveCfg = Release|Any CPU
		{0FC2BEF1-2028-4B31-B167-051FA2A18A6F}.Release|x64.Build.0 = Release|Any CPU
		{0FC2BEF1-2028-4B31-B167-051FA2A18A6F}.Release|x86.ActiveCfg = Release|Any CPU
		{0FC2BEF1-2028-4B31-B167-051FA2A18A6F}.Release|x86.Build.0 = Release|Any CPU
		{082A6097-7AA5-4FB9-88DA-8A25BDAA0F7F}.Debug|Any CPU.ActiveCfg = Debug|Any CPU
		{082A6097-7AA5-4FB9-88DA-8A25BDAA0F7F}.Debug|Any CPU.Build.0 = Debug|Any CPU
		{082A6097-7AA5-4FB9-88DA-8A25BDAA0F7F}.Debug|arm64.ActiveCfg = Debug|Any CPU
		{082A6097-7AA5-4FB9-88DA-8A25BDAA0F7F}.Debug|arm64.Build.0 = Debug|Any CPU
		{082A6097-7AA5-4FB9-88DA-8A25BDAA0F7F}.Debug|x64.ActiveCfg = Debug|Any CPU
		{082A6097-7AA5-4FB9-88DA-8A25BDAA0F7F}.Debug|x64.Build.0 = Debug|Any CPU
		{082A6097-7AA5-4FB9-88DA-8A25BDAA0F7F}.Debug|x86.ActiveCfg = Debug|Any CPU
		{082A6097-7AA5-4FB9-88DA-8A25BDAA0F7F}.Debug|x86.Build.0 = Debug|Any CPU
		{082A6097-7AA5-4FB9-88DA-8A25BDAA0F7F}.Release|Any CPU.ActiveCfg = Release|Any CPU
		{082A6097-7AA5-4FB9-88DA-8A25BDAA0F7F}.Release|Any CPU.Build.0 = Release|Any CPU
		{082A6097-7AA5-4FB9-88DA-8A25BDAA0F7F}.Release|arm64.ActiveCfg = Release|Any CPU
		{082A6097-7AA5-4FB9-88DA-8A25BDAA0F7F}.Release|arm64.Build.0 = Release|Any CPU
		{082A6097-7AA5-4FB9-88DA-8A25BDAA0F7F}.Release|x64.ActiveCfg = Release|Any CPU
		{082A6097-7AA5-4FB9-88DA-8A25BDAA0F7F}.Release|x64.Build.0 = Release|Any CPU
		{082A6097-7AA5-4FB9-88DA-8A25BDAA0F7F}.Release|x86.ActiveCfg = Release|Any CPU
		{082A6097-7AA5-4FB9-88DA-8A25BDAA0F7F}.Release|x86.Build.0 = Release|Any CPU
		{E7DDA592-6379-4859-9A7C-42E729F246DC}.Debug|Any CPU.ActiveCfg = Debug|Any CPU
		{E7DDA592-6379-4859-9A7C-42E729F246DC}.Debug|Any CPU.Build.0 = Debug|Any CPU
		{E7DDA592-6379-4859-9A7C-42E729F246DC}.Debug|arm64.ActiveCfg = Debug|Any CPU
		{E7DDA592-6379-4859-9A7C-42E729F246DC}.Debug|arm64.Build.0 = Debug|Any CPU
		{E7DDA592-6379-4859-9A7C-42E729F246DC}.Debug|x64.ActiveCfg = Debug|Any CPU
		{E7DDA592-6379-4859-9A7C-42E729F246DC}.Debug|x64.Build.0 = Debug|Any CPU
		{E7DDA592-6379-4859-9A7C-42E729F246DC}.Debug|x86.ActiveCfg = Debug|Any CPU
		{E7DDA592-6379-4859-9A7C-42E729F246DC}.Debug|x86.Build.0 = Debug|Any CPU
		{E7DDA592-6379-4859-9A7C-42E729F246DC}.Release|Any CPU.ActiveCfg = Release|Any CPU
		{E7DDA592-6379-4859-9A7C-42E729F246DC}.Release|Any CPU.Build.0 = Release|Any CPU
		{E7DDA592-6379-4859-9A7C-42E729F246DC}.Release|arm64.ActiveCfg = Release|Any CPU
		{E7DDA592-6379-4859-9A7C-42E729F246DC}.Release|arm64.Build.0 = Release|Any CPU
		{E7DDA592-6379-4859-9A7C-42E729F246DC}.Release|x64.ActiveCfg = Release|Any CPU
		{E7DDA592-6379-4859-9A7C-42E729F246DC}.Release|x64.Build.0 = Release|Any CPU
		{E7DDA592-6379-4859-9A7C-42E729F246DC}.Release|x86.ActiveCfg = Release|Any CPU
		{E7DDA592-6379-4859-9A7C-42E729F246DC}.Release|x86.Build.0 = Release|Any CPU
	EndGlobalSection
	GlobalSection(SolutionProperties) = preSolution
		HideSolutionNode = FALSE
	EndGlobalSection
	GlobalSection(NestedProjects) = preSolution
		{D10FEC76-0A23-4A1C-98B2-E9A985DB2526} = {071F972E-9E55-423C-8B5B-1183B048BF13}
		{70CDA4DF-6612-4CF7-87EA-03701778A84E} = {95EBD75D-48F0-4236-AB57-0E4DFAA722ED}
		{5F4A8E0A-8A43-477E-8703-BBDE1BDF8419} = {95EBD75D-48F0-4236-AB57-0E4DFAA722ED}
		{2562C417-84FD-474F-BDD8-F68C8CEDC02D} = {9A7E4EEF-9166-4076-B9B6-6F54C11B87BD}
		{BD6286A0-9E8E-4D93-9ED9-2580BAE0C767} = {70CDA4DF-6612-4CF7-87EA-03701778A84E}
		{17559D11-872A-4E73-9F86-E9D9D438DDAE} = {6487D63E-23A2-4DF4-9EB5-610AD80B3C9F}
		{A28C20D8-45AE-4B54-89FD-3DBF9FEA794D} = {2562C417-84FD-474F-BDD8-F68C8CEDC02D}
		{84445C01-229A-41D6-B3DA-14409116926C} = {9A7E4EEF-9166-4076-B9B6-6F54C11B87BD}
		{B935E4A4-AD35-485E-B511-E64421C2720E} = {071F972E-9E55-423C-8B5B-1183B048BF13}
		{7B20A711-9E9D-4877-A6A8-DA98F713C764} = {B935E4A4-AD35-485E-B511-E64421C2720E}
		{2969651D-33A5-4A27-87A3-E9773311AE44} = {84445C01-229A-41D6-B3DA-14409116926C}
		{FD92FD23-C4C0-408D-8BA1-12E8CFE3192B} = {5F4A8E0A-8A43-477E-8703-BBDE1BDF8419}
		{272A2231-B437-4734-AF13-9160E85D2F8F} = {9A7E4EEF-9166-4076-B9B6-6F54C11B87BD}
		{B69970B4-DAB9-4945-911E-0D0CDFC0BFF4} = {272A2231-B437-4734-AF13-9160E85D2F8F}
		{C33EFC14-56CC-42AD-9F54-293225885242} = {272A2231-B437-4734-AF13-9160E85D2F8F}
		{1C1C17A0-4B88-4AF0-8C11-48B5028EF871} = {2562C417-84FD-474F-BDD8-F68C8CEDC02D}
		{5214AC40-8489-44E9-AFBF-C1097CD73FCC} = {2562C417-84FD-474F-BDD8-F68C8CEDC02D}
		{F0EBBEC6-A5FE-4532-884E-CE3F19549998} = {594CC6EF-C9A3-4C67-8F00-A35DDE903368}
		{378D45D9-041E-4624-BFC0-9812E74B4186} = {0A488BE3-6D93-4FE6-8AE9-1D7387BDE44A}
		{489DE6C9-B58F-4A45-ABC5-E0E0A92EDFFD} = {70CDA4DF-6612-4CF7-87EA-03701778A84E}
		{B036A90D-A8A2-4248-AE43-E3E9B24436EE} = {4EE8BFA3-416F-4D40-8AD9-DE0B7C193A02}
		{E05E897E-5B10-44C7-BC79-21E839050097} = {6487D63E-23A2-4DF4-9EB5-610AD80B3C9F}
		{C925FCA7-3345-4EB1-A2DC-E302E3312D62} = {071F972E-9E55-423C-8B5B-1183B048BF13}
		{B0CCFC89-5758-4C01-8CF0-43B9BEADE9B1} = {95EBD75D-48F0-4236-AB57-0E4DFAA722ED}
		{0FC2BEF1-2028-4B31-B167-051FA2A18A6F} = {B0CCFC89-5758-4C01-8CF0-43B9BEADE9B1}
		{082A6097-7AA5-4FB9-88DA-8A25BDAA0F7F} = {071F972E-9E55-423C-8B5B-1183B048BF13}
		{E7DDA592-6379-4859-9A7C-42E729F246DC} = {071F972E-9E55-423C-8B5B-1183B048BF13}
	EndGlobalSection
	GlobalSection(ExtensibilityGlobals) = postSolution
		SolutionGuid = {121D87D8-30BB-4E71-80CE-67CC06814434}
	EndGlobalSection
EndGlobal
