
Microsoft Visual Studio Solution File, Format Version 12.00
# Visual Studio Version 17
VisualStudioVersion = 17.0.32112.339
MinimumVisualStudioVersion = 10.0.40219.1
Project("{2150E333-8FDC-42A3-9474-1A3956D46DE8}") = "Core", "Core", "{A61F17C1-BFB2-43CF-BC58-357C9CD9649A}"
EndProject
Project("{2150E333-8FDC-42A3-9474-1A3956D46DE8}") = "Host", "Host", "{9A7E4EEF-9166-4076-B9B6-6F54C11B87BD}"
EndProject
Project("{2150E333-8FDC-42A3-9474-1A3956D46DE8}") = "Application", "Application", "{D10FEC76-0A23-4A1C-98B2-E9A985DB2526}"
EndProject
Project("{2150E333-8FDC-42A3-9474-1A3956D46DE8}") = "Infrastructure", "Infrastructure", "{95EBD75D-48F0-4236-AB57-0E4DFAA722ED}"
EndProject
Project("{2150E333-8FDC-42A3-9474-1A3956D46DE8}") = "InMemory", "InMemory", "{70CDA4DF-6612-4CF7-87EA-03701778A84E}"
EndProject
Global
	GlobalSection(SolutionProperties) = preSolution
		HideSolutionNode = FALSE
	EndGlobalSection
	GlobalSection(NestedProjects) = preSolution
		{70CDA4DF-6612-4CF7-87EA-03701778A84E} = {95EBD75D-48F0-4236-AB57-0E4DFAA722ED}
	EndGlobalSection
	GlobalSection(ExtensibilityGlobals) = postSolution
		SolutionGuid = {121D87D8-30BB-4E71-80CE-67CC06814434}
	EndGlobalSection
EndGlobal
